// !$*UTF8*$!
{
	archiveVersion = 1;
	classes = {
	};
	objectVersion = 55;
	objects = {

/* Begin PBXBuildFile section */
		26A4C9355BD3FBEBBA6D85DC /* Pods_NetWorking.framework in Frameworks */ = {isa = PBXBuildFile; fileRef = 126D662676456AF0F9815D9D /* Pods_NetWorking.framework */; };
		5BF3C7D027F8A95B00A31957 /* AppDelegate.swift in Sources */ = {isa = PBXBuildFile; fileRef = 5BF3C7CF27F8A95B00A31957 /* AppDelegate.swift */; };
		5BF3C7D227F8A95B00A31957 /* SceneDelegate.swift in Sources */ = {isa = PBXBuildFile; fileRef = 5BF3C7D127F8A95B00A31957 /* SceneDelegate.swift */; };
		5BF3C7D427F8A95B00A31957 /* ViewController.swift in Sources */ = {isa = PBXBuildFile; fileRef = 5BF3C7D327F8A95B00A31957 /* ViewController.swift */; };
		5BF3C7D727F8A95B00A31957 /* Main.storyboard in Resources */ = {isa = PBXBuildFile; fileRef = 5BF3C7D527F8A95B00A31957 /* Main.storyboard */; };
		5BF3C7D927F8A95C00A31957 /* Assets.xcassets in Resources */ = {isa = PBXBuildFile; fileRef = 5BF3C7D827F8A95C00A31957 /* Assets.xcassets */; };
		5BF3C7DC27F8A95C00A31957 /* LaunchScreen.storyboard in Resources */ = {isa = PBXBuildFile; fileRef = 5BF3C7DA27F8A95C00A31957 /* LaunchScreen.storyboard */; };
/* End PBXBuildFile section */

/* Begin PBXFileReference section */
		126D662676456AF0F9815D9D /* Pods_NetWorking.framework */ = {isa = PBXFileReference; explicitFileType = wrapper.framework; includeInIndex = 0; path = Pods_NetWorking.framework; sourceTree = BUILT_PRODUCTS_DIR; };
		5BF3C7CC27F8A95B00A31957 /* NetWorking.app */ = {isa = PBXFileReference; explicitFileType = wrapper.application; includeInIndex = 0; path = NetWorking.app; sourceTree = BUILT_PRODUCTS_DIR; };
		5BF3C7CF27F8A95B00A31957 /* AppDelegate.swift */ = {isa = PBXFileReference; lastKnownFileType = sourcecode.swift; path = AppDelegate.swift; sourceTree = "<group>"; };
		5BF3C7D127F8A95B00A31957 /* SceneDelegate.swift */ = {isa = PBXFileReference; lastKnownFileType = sourcecode.swift; path = SceneDelegate.swift; sourceTree = "<group>"; };
		5BF3C7D327F8A95B00A31957 /* ViewController.swift */ = {isa = PBXFileReference; lastKnownFileType = sourcecode.swift; path = ViewController.swift; sourceTree = "<group>"; };
		5BF3C7D627F8A95B00A31957 /* Base */ = {isa = PBXFileReference; lastKnownFileType = file.storyboard; name = Base; path = Base.lproj/Main.storyboard; sourceTree = "<group>"; };
		5BF3C7D827F8A95C00A31957 /* Assets.xcassets */ = {isa = PBXFileReference; lastKnownFileType = folder.assetcatalog; path = Assets.xcassets; sourceTree = "<group>"; };
		5BF3C7DB27F8A95C00A31957 /* Base */ = {isa = PBXFileReference; lastKnownFileType = file.storyboard; name = Base; path = Base.lproj/LaunchScreen.storyboard; sourceTree = "<group>"; };
		5BF3C7DD27F8A95C00A31957 /* Info.plist */ = {isa = PBXFileReference; lastKnownFileType = text.plist.xml; path = Info.plist; sourceTree = "<group>"; };
		67FE42A9630E4BBFB7FB7187 /* Pods-NetWorking.release.xcconfig */ = {isa = PBXFileReference; includeInIndex = 1; lastKnownFileType = text.xcconfig; name = "Pods-NetWorking.release.xcconfig"; path = "Target Support Files/Pods-NetWorking/Pods-NetWorking.release.xcconfig"; sourceTree = "<group>"; };
		F9D7558A3F3E3A84B24C4FB6 /* Pods-NetWorking.debug.xcconfig */ = {isa = PBXFileReference; includeInIndex = 1; lastKnownFileType = text.xcconfig; name = "Pods-NetWorking.debug.xcconfig"; path = "Target Support Files/Pods-NetWorking/Pods-NetWorking.debug.xcconfig"; sourceTree = "<group>"; };
/* End PBXFileReference section */

/* Begin PBXFrameworksBuildPhase section */
		5BF3C7C927F8A95B00A31957 /* Frameworks */ = {
			isa = PBXFrameworksBuildPhase;
			buildActionMask = 2147483647;
			files = (
				26A4C9355BD3FBEBBA6D85DC /* Pods_NetWorking.framework in Frameworks */,
			);
			runOnlyForDeploymentPostprocessing = 0;
		};
/* End PBXFrameworksBuildPhase section */

/* Begin PBXGroup section */
		041B781D8B16C3AA7C2AA253 /* Frameworks */ = {
			isa = PBXGroup;
			children = (
				126D662676456AF0F9815D9D /* Pods_NetWorking.framework */,
			);
			name = Frameworks;
			sourceTree = "<group>";
		};
		51946237B54995A5BE0AEC16 /* Pods */ = {
			isa = PBXGroup;
			children = (
				F9D7558A3F3E3A84B24C4FB6 /* Pods-NetWorking.debug.xcconfig */,
				67FE42A9630E4BBFB7FB7187 /* Pods-NetWorking.release.xcconfig */,
			);
			path = Pods;
			sourceTree = "<group>";
		};
		5BF3C7C327F8A95B00A31957 = {
			isa = PBXGroup;
			children = (
				5BF3C7CE27F8A95B00A31957 /* NetWorking */,
				5BF3C7CD27F8A95B00A31957 /* Products */,
				51946237B54995A5BE0AEC16 /* Pods */,
				041B781D8B16C3AA7C2AA253 /* Frameworks */,
			);
			sourceTree = "<group>";
		};
		5BF3C7CD27F8A95B00A31957 /* Products */ = {
			isa = PBXGroup;
			children = (
				5BF3C7CC27F8A95B00A31957 /* NetWorking.app */,
			);
			name = Products;
			sourceTree = "<group>";
		};
		5BF3C7CE27F8A95B00A31957 /* NetWorking */ = {
			isa = PBXGroup;
			children = (
				5BF3C7CF27F8A95B00A31957 /* AppDelegate.swift */,
				5BF3C7D127F8A95B00A31957 /* SceneDelegate.swift */,
				5BF3C7D327F8A95B00A31957 /* ViewController.swift */,
				5BF3C7D527F8A95B00A31957 /* Main.storyboard */,
				5BF3C7D827F8A95C00A31957 /* Assets.xcassets */,
				5BF3C7DA27F8A95C00A31957 /* LaunchScreen.storyboard */,
				5BF3C7DD27F8A95C00A31957 /* Info.plist */,
			);
			path = NetWorking;
			sourceTree = "<group>";
		};
/* End PBXGroup section */

/* Begin PBXNativeTarget section */
		5BF3C7CB27F8A95B00A31957 /* NetWorking */ = {
			isa = PBXNativeTarget;
			buildConfigurationList = 5BF3C7E027F8A95C00A31957 /* Build configuration list for PBXNativeTarget "NetWorking" */;
			buildPhases = (
				DBE5A2A51D2A4E60E0ED8C63 /* [CP] Check Pods Manifest.lock */,
				5BF3C7C827F8A95B00A31957 /* Sources */,
				5BF3C7C927F8A95B00A31957 /* Frameworks */,
				5BF3C7CA27F8A95B00A31957 /* Resources */,
				24AC89661FCB007D33AC2DC3 /* [CP] Embed Pods Frameworks */,
			);
			buildRules = (
			);
			dependencies = (
			);
			name = NetWorking;
			productName = NetWorking;
			productReference = 5BF3C7CC27F8A95B00A31957 /* NetWorking.app */;
			productType = "com.apple.product-type.application";
		};
/* End PBXNativeTarget section */

/* Begin PBXProject section */
		5BF3C7C427F8A95B00A31957 /* Project object */ = {
			isa = PBXProject;
			attributes = {
				BuildIndependentTargetsInParallel = 1;
				LastSwiftUpdateCheck = 1320;
				LastUpgradeCheck = 1320;
				TargetAttributes = {
					5BF3C7CB27F8A95B00A31957 = {
						CreatedOnToolsVersion = 13.2.1;
					};
				};
			};
			buildConfigurationList = 5BF3C7C727F8A95B00A31957 /* Build configuration list for PBXProject "NetWorking" */;
			compatibilityVersion = "Xcode 13.0";
			developmentRegion = en;
			hasScannedForEncodings = 0;
			knownRegions = (
				en,
				Base,
			);
			mainGroup = 5BF3C7C327F8A95B00A31957;
			productRefGroup = 5BF3C7CD27F8A95B00A31957 /* Products */;
			projectDirPath = "";
			projectRoot = "";
			targets = (
				5BF3C7CB27F8A95B00A31957 /* NetWorking */,
			);
		};
/* End PBXProject section */

/* Begin PBXResourcesBuildPhase section */
		5BF3C7CA27F8A95B00A31957 /* Resources */ = {
			isa = PBXResourcesBuildPhase;
			buildActionMask = 2147483647;
			files = (
				5BF3C7DC27F8A95C00A31957 /* LaunchScreen.storyboard in Resources */,
				5BF3C7D927F8A95C00A31957 /* Assets.xcassets in Resources */,
				5BF3C7D727F8A95B00A31957 /* Main.storyboard in Resources */,
			);
			runOnlyForDeploymentPostprocessing = 0;
		};
/* End PBXResourcesBuildPhase section */

/* Begin PBXShellScriptBuildPhase section */
		24AC89661FCB007D33AC2DC3 /* [CP] Embed Pods Frameworks */ = {
			isa = PBXShellScriptBuildPhase;
			buildActionMask = 2147483647;
			files = (
			);
			inputFileListPaths = (
				"${PODS_ROOT}/Target Support Files/Pods-NetWorking/Pods-NetWorking-frameworks-${CONFIGURATION}-input-files.xcfilelist",
			);
			name = "[CP] Embed Pods Frameworks";
			outputFileListPaths = (
				"${PODS_ROOT}/Target Support Files/Pods-NetWorking/Pods-NetWorking-frameworks-${CONFIGURATION}-output-files.xcfilelist",
			);
			runOnlyForDeploymentPostprocessing = 0;
			shellPath = /bin/sh;
			shellScript = "\"${PODS_ROOT}/Target Support Files/Pods-NetWorking/Pods-NetWorking-frameworks.sh\"\n";
			showEnvVarsInLog = 0;
		};
		DBE5A2A51D2A4E60E0ED8C63 /* [CP] Check Pods Manifest.lock */ = {
			isa = PBXShellScriptBuildPhase;
			buildActionMask = 2147483647;
			files = (
			);
			inputFileListPaths = (
			);
			inputPaths = (
				"${PODS_PODFILE_DIR_PATH}/Podfile.lock",
				"${PODS_ROOT}/Manifest.lock",
			);
			name = "[CP] Check Pods Manifest.lock";
			outputFileListPaths = (
			);
			outputPaths = (
				"$(DERIVED_FILE_DIR)/Pods-NetWorking-checkManifestLockResult.txt",
			);
			runOnlyForDeploymentPostprocessing = 0;
			shellPath = /bin/sh;
			shellScript = "diff \"${PODS_PODFILE_DIR_PATH}/Podfile.lock\" \"${PODS_ROOT}/Manifest.lock\" > /dev/null\nif [ $? != 0 ] ; then\n    # print error to STDERR\n    echo \"error: The sandbox is not in sync with the Podfile.lock. Run 'pod install' or update your CocoaPods installation.\" >&2\n    exit 1\nfi\n# This output is used by Xcode 'outputs' to avoid re-running this script phase.\necho \"SUCCESS\" > \"${SCRIPT_OUTPUT_FILE_0}\"\n";
			showEnvVarsInLog = 0;
		};
/* End PBXShellScriptBuildPhase section */

/* Begin PBXSourcesBuildPhase section */
		5BF3C7C827F8A95B00A31957 /* Sources */ = {
			isa = PBXSourcesBuildPhase;
			buildActionMask = 2147483647;
			files = (
				5BF3C7D427F8A95B00A31957 /* ViewController.swift in Sources */,
				5BF3C7D027F8A95B00A31957 /* AppDelegate.swift in Sources */,
				5BF3C7D227F8A95B00A31957 /* SceneDelegate.swift in Sources */,
			);
			runOnlyForDeploymentPostprocessing = 0;
		};
/* End PBXSourcesBuildPhase section */

/* Begin PBXVariantGroup section */
		5BF3C7D527F8A95B00A31957 /* Main.storyboard */ = {
			isa = PBXVariantGroup;
			children = (
				5BF3C7D627F8A95B00A31957 /* Base */,
			);
			name = Main.storyboard;
			sourceTree = "<group>";
		};
		5BF3C7DA27F8A95C00A31957 /* LaunchScreen.storyboard */ = {
			isa = PBXVariantGroup;
			children = (
				5BF3C7DB27F8A95C00A31957 /* Base */,
			);
			name = LaunchScreen.storyboard;
			sourceTree = "<group>";
		};
/* End PBXVariantGroup section */

/* Begin XCBuildConfiguration section */
		5BF3C7DE27F8A95C00A31957 /* Debug */ = {
			isa = XCBuildConfiguration;
			buildSettings = {
				ALWAYS_SEARCH_USER_PATHS = NO;
				CLANG_ANALYZER_NONNULL = YES;
				CLANG_ANALYZER_NUMBER_OBJECT_CONVERSION = YES_AGGRESSIVE;
				CLANG_CXX_LANGUAGE_STANDARD = "gnu++17";
				CLANG_CXX_LIBRARY = "libc++";
				CLANG_ENABLE_MODULES = YES;
				CLANG_ENABLE_OBJC_ARC = YES;
				CLANG_ENABLE_OBJC_WEAK = YES;
				CLANG_WARN_BLOCK_CAPTURE_AUTORELEASING = YES;
				CLANG_WARN_BOOL_CONVERSION = YES;
				CLANG_WARN_COMMA = YES;
				CLANG_WARN_CONSTANT_CONVERSION = YES;
				CLANG_WARN_DEPRECATED_OBJC_IMPLEMENTATIONS = YES;
				CLANG_WARN_DIRECT_OBJC_ISA_USAGE = YES_ERROR;
				CLANG_WARN_DOCUMENTATION_COMMENTS = YES;
				CLANG_WARN_EMPTY_BODY = YES;
				CLANG_WARN_ENUM_CONVERSION = YES;
				CLANG_WARN_INFINITE_RECURSION = YES;
				CLANG_WARN_INT_CONVERSION = YES;
				CLANG_WARN_NON_LITERAL_NULL_CONVERSION = YES;
				CLANG_WARN_OBJC_IMPLICIT_RETAIN_SELF = YES;
				CLANG_WARN_OBJC_LITERAL_CONVERSION = YES;
				CLANG_WARN_OBJC_ROOT_CLASS = YES_ERROR;
				CLANG_WARN_QUOTED_INCLUDE_IN_FRAMEWORK_HEADER = YES;
				CLANG_WARN_RANGE_LOOP_ANALYSIS = YES;
				CLANG_WARN_STRICT_PROTOTYPES = YES;
				CLANG_WARN_SUSPICIOUS_MOVE = YES;
				CLANG_WARN_UNGUARDED_AVAILABILITY = YES_AGGRESSIVE;
				CLANG_WARN_UNREACHABLE_CODE = YES;
				CLANG_WARN__DUPLICATE_METHOD_MATCH = YES;
				COPY_PHASE_STRIP = NO;
				DEBUG_INFORMATION_FORMAT = dwarf;
				ENABLE_STRICT_OBJC_MSGSEND = YES;
				ENABLE_TESTABILITY = YES;
				GCC_C_LANGUAGE_STANDARD = gnu11;
				GCC_DYNAMIC_NO_PIC = NO;
				GCC_NO_COMMON_BLOCKS = YES;
				GCC_OPTIMIZATION_LEVEL = 0;
				GCC_PREPROCESSOR_DEFINITIONS = (
					"DEBUG=1",
					"$(inherited)",
				);
				GCC_WARN_64_TO_32_BIT_CONVERSION = YES;
				GCC_WARN_ABOUT_RETURN_TYPE = YES_ERROR;
				GCC_WARN_UNDECLARED_SELECTOR = YES;
				GCC_WARN_UNINITIALIZED_AUTOS = YES_AGGRESSIVE;
				GCC_WARN_UNUSED_FUNCTION = YES;
				GCC_WARN_UNUSED_VARIABLE = YES;
				IPHONEOS_DEPLOYMENT_TARGET = 15.2;
				MTL_ENABLE_DEBUG_INFO = INCLUDE_SOURCE;
				MTL_FAST_MATH = YES;
				ONLY_ACTIVE_ARCH = YES;
				SDKROOT = iphoneos;
				SWIFT_ACTIVE_COMPILATION_CONDITIONS = DEBUG;
				SWIFT_OPTIMIZATION_LEVEL = "-Onone";
			};
			name = Debug;
		};
		5BF3C7DF27F8A95C00A31957 /* Release */ = {
			isa = XCBuildConfiguration;
			buildSettings = {
				ALWAYS_SEARCH_USER_PATHS = NO;
				CLANG_ANALYZER_NONNULL = YES;
				CLANG_ANALYZER_NUMBER_OBJECT_CONVERSION = YES_AGGRESSIVE;
				CLANG_CXX_LANGUAGE_STANDARD = "gnu++17";
				CLANG_CXX_LIBRARY = "libc++";
				CLANG_ENABLE_MODULES = YES;
				CLANG_ENABLE_OBJC_ARC = YES;
				CLANG_ENABLE_OBJC_WEAK = YES;
				CLANG_WARN_BLOCK_CAPTURE_AUTORELEASING = YES;
				CLANG_WARN_BOOL_CONVERSION = YES;
				CLANG_WARN_COMMA = YES;
				CLANG_WARN_CONSTANT_CONVERSION = YES;
				CLANG_WARN_DEPRECATED_OBJC_IMPLEMENTATIONS = YES;
				CLANG_WARN_DIRECT_OBJC_ISA_USAGE = YES_ERROR;
				CLANG_WARN_DOCUMENTATION_COMMENTS = YES;
				CLANG_WARN_EMPTY_BODY = YES;
				CLANG_WARN_ENUM_CONVERSION = YES;
				CLANG_WARN_INFINITE_RECURSION = YES;
				CLANG_WARN_INT_CONVERSION = YES;
				CLANG_WARN_NON_LITERAL_NULL_CONVERSION = YES;
				CLANG_WARN_OBJC_IMPLICIT_RETAIN_SELF = YES;
				CLANG_WARN_OBJC_LITERAL_CONVERSION = YES;
				CLANG_WARN_OBJC_ROOT_CLASS = YES_ERROR;
				CLANG_WARN_QUOTED_INCLUDE_IN_FRAMEWORK_HEADER = YES;
				CLANG_WARN_RANGE_LOOP_ANALYSIS = YES;
				CLANG_WARN_STRICT_PROTOTYPES = YES;
				CLANG_WARN_SUSPICIOUS_MOVE = YES;
				CLANG_WARN_UNGUARDED_AVAILABILITY = YES_AGGRESSIVE;
				CLANG_WARN_UNREACHABLE_CODE = YES;
				CLANG_WARN__DUPLICATE_METHOD_MATCH = YES;
				COPY_PHASE_STRIP = NO;
				DEBUG_INFORMATION_FORMAT = "dwarf-with-dsym";
				ENABLE_NS_ASSERTIONS = NO;
				ENABLE_STRICT_OBJC_MSGSEND = YES;
				GCC_C_LANGUAGE_STANDARD = gnu11;
				GCC_NO_COMMON_BLOCKS = YES;
				GCC_WARN_64_TO_32_BIT_CONVERSION = YES;
				GCC_WARN_ABOUT_RETURN_TYPE = YES_ERROR;
				GCC_WARN_UNDECLARED_SELECTOR = YES;
				GCC_WARN_UNINITIALIZED_AUTOS = YES_AGGRESSIVE;
				GCC_WARN_UNUSED_FUNCTION = YES;
				GCC_WARN_UNUSED_VARIABLE = YES;
				IPHONEOS_DEPLOYMENT_TARGET = 15.2;
				MTL_ENABLE_DEBUG_INFO = NO;
				MTL_FAST_MATH = YES;
				SDKROOT = iphoneos;
				SWIFT_COMPILATION_MODE = wholemodule;
				SWIFT_OPTIMIZATION_LEVEL = "-O";
				VALIDATE_PRODUCT = YES;
			};
			name = Release;
		};
		5BF3C7E127F8A95C00A31957 /* Debug */ = {
			isa = XCBuildConfiguration;
			baseConfigurationReference = F9D7558A3F3E3A84B24C4FB6 /* Pods-NetWorking.debug.xcconfig */;
			buildSettings = {
				ASSETCATALOG_COMPILER_APPICON_NAME = AppIcon;
				ASSETCATALOG_COMPILER_GLOBAL_ACCENT_COLOR_NAME = AccentColor;
				CODE_SIGN_STYLE = Automatic;
				CURRENT_PROJECT_VERSION = 1;
				GENERATE_INFOPLIST_FILE = YES;
				INFOPLIST_FILE = NetWorking/Info.plist;
				INFOPLIST_KEY_UIApplicationSupportsIndirectInputEvents = YES;
				INFOPLIST_KEY_UILaunchStoryboardName = LaunchScreen;
				INFOPLIST_KEY_UIMainStoryboardFile = Main;
				INFOPLIST_KEY_UISupportedInterfaceOrientations_iPad = "UIInterfaceOrientationPortrait UIInterfaceOrientationPortraitUpsideDown UIInterfaceOrientationLandscapeLeft UIInterfaceOrientationLandscapeRight";
				INFOPLIST_KEY_UISupportedInterfaceOrientations_iPhone = "UIInterfaceOrientationPortrait UIInterfaceOrientationLandscapeLeft UIInterfaceOrientationLandscapeRight";
				LD_RUNPATH_SEARCH_PATHS = (
					"$(inherited)",
					"@executable_path/Frameworks",
				);
				MARKETING_VERSION = 1.0;
				PRODUCT_BUNDLE_IDENTIFIER = com.qjl.cn.NetWorking;
				PRODUCT_NAME = "$(TARGET_NAME)";
				SWIFT_EMIT_LOC_STRINGS = YES;
				SWIFT_VERSION = 5.0;
				TARGETED_DEVICE_FAMILY = "1,2";
			};
			name = Debug;
		};
		5BF3C7E227F8A95C00A31957 /* Release */ = {
			isa = XCBuildConfiguration;
			baseConfigurationReference = 67FE42A9630E4BBFB7FB7187 /* Pods-NetWorking.release.xcconfig */;
			buildSettings = {
				ASSETCATALOG_COMPILER_APPICON_NAME = AppIcon;
				ASSETCATALOG_COMPILER_GLOBAL_ACCENT_COLOR_NAME = AccentColor;
				CODE_SIGN_STYLE = Automatic;
				CURRENT_PROJECT_VERSION = 1;
				GENERATE_INFOPLIST_FILE = YES;
				INFOPLIST_FILE = NetWorking/Info.plist;
				INFOPLIST_KEY_UIApplicationSupportsIndirectInputEvents = YES;
				INFOPLIST_KEY_UILaunchStoryboardName = LaunchScreen;
				INFOPLIST_KEY_UIMainStoryboardFile = Main;
				INFOPLIST_KEY_UISupportedInterfaceOrientations_iPad = "UIInterfaceOrientationPortrait UIInterfaceOrientationPortraitUpsideDown UIInterfaceOrientationLandscapeLeft UIInterfaceOrientationLandscapeRight";
				INFOPLIST_KEY_UISupportedInterfaceOrientations_iPhone = "UIInterfaceOrientationPortrait UIInterfaceOrientationLandscapeLeft UIInterfaceOrientationLandscapeRight";
				LD_RUNPATH_SEARCH_PATHS = (
					"$(inherited)",
					"@executable_path/Frameworks",
				);
				MARKETING_VERSION = 1.0;
				PRODUCT_BUNDLE_IDENTIFIER = com.qjl.cn.NetWorking;
				PRODUCT_NAME = "$(TARGET_NAME)";
				SWIFT_EMIT_LOC_STRINGS = YES;
				SWIFT_VERSION = 5.0;
				TARGETED_DEVICE_FAMILY = "1,2";
			};
			name = Release;
		};
/* End XCBuildConfiguration section */

/* Begin XCConfigurationList section */
		5BF3C7C727F8A95B00A31957 /* Build configuration list for PBXProject "NetWorking" */ = {
			isa = XCConfigurationList;
			buildConfigurations = (
				5BF3C7DE27F8A95C00A31957 /* Debug */,
				5BF3C7DF27F8A95C00A31957 /* Release */,
			);
			defaultConfigurationIsVisible = 0;
			defaultConfigurationName = Release;
		};
		5BF3C7E027F8A95C00A31957 /* Build configuration list for PBXNativeTarget "NetWorking" */ = {
			isa = XCConfigurationList;
			buildConfigurations = (
				5BF3C7E127F8A95C00A31957 /* Debug */,
				5BF3C7E227F8A95C00A31957 /* Release */,
			);
			defaultConfigurationIsVisible = 0;
			defaultConfigurationName = Release;
		};
/* End XCConfigurationList section */
	};
	rootObject = 5BF3C7C427F8A95B00A31957 /* Project object */;
}
